
Microsoft Visual Studio Solution File, Format Version 12.00
# Visual Studio Version 17
VisualStudioVersion = 17.4.33205.214
MinimumVisualStudioVersion = 10.0.40219.1
Project("{FAE04EC0-301F-11D3-BF4B-00C04F79EFBC}") = "QUANLYQUANTRASUA", "QUANLYQUANTRASUA\QUANLYQUANTRASUA.csproj", "{DE7E599C-6C11-4F47-808C-225F70E35DD4}"
EndProject
Project("{FAE04EC0-301F-11D3-BF4B-00C04F79EFBC}") = "BUS", "BUS\BUS.csproj", "{F263863B-229A-43DD-AC51-FB100A8EB915}"
EndProject
Project("{FAE04EC0-301F-11D3-BF4B-00C04F79EFBC}") = "DAL", "DAL\DAL.csproj", "{D9C9D338-3A08-4AF2-B313-CD797EF928A7}"
EndProject
Global
	GlobalSection(SolutionConfigurationPlatforms) = preSolution
		Debug|Any CPU = Debug|Any CPU
		Release|Any CPU = Release|Any CPU
	EndGlobalSection
	GlobalSection(ProjectConfigurationPlatforms) = postSolution
		{DE7E599C-6C11-4F47-808C-225F70E35DD4}.Debug|Any CPU.ActiveCfg = Debug|Any CPU
		{DE7E599C-6C11-4F47-808C-225F70E35DD4}.Debug|Any CPU.Build.0 = Debug|Any CPU
		{DE7E599C-6C11-4F47-808C-225F70E35DD4}.Release|Any CPU.ActiveCfg = Release|Any CPU
		{DE7E599C-6C11-4F47-808C-225F70E35DD4}.Release|Any CPU.Build.0 = Release|Any CPU
		{F263863B-229A-43DD-AC51-FB100A8EB915}.Debug|Any CPU.ActiveCfg = Debug|Any CPU
		{F263863B-229A-43DD-AC51-FB100A8EB915}.Debug|Any CPU.Build.0 = Debug|Any CPU
		{F263863B-229A-43DD-AC51-FB100A8EB915}.Release|Any CPU.ActiveCfg = Release|Any CPU
		{F263863B-229A-43DD-AC51-FB100A8EB915}.Release|Any CPU.Build.0 = Release|Any CPU
		{D9C9D338-3A08-4AF2-B313-CD797EF928A7}.Debug|Any CPU.ActiveCfg = Debug|Any CPU
		{D9C9D338-3A08-4AF2-B313-CD797EF928A7}.Debug|Any CPU.Build.0 = Debug|Any CPU
		{D9C9D338-3A08-4AF2-B313-CD797EF928A7}.Release|Any CPU.ActiveCfg = Release|Any CPU
		{D9C9D338-3A08-4AF2-B313-CD797EF928A7}.Release|Any CPU.Build.0 = Release|Any CPU
	EndGlobalSection
	GlobalSection(SolutionProperties) = preSolution
		HideSolutionNode = FALSE
	EndGlobalSection
	GlobalSection(ExtensibilityGlobals) = postSolution
		SolutionGuid = {BA8079D5-CCA1-4C0D-8DB6-8E93D39BCC71}
	EndGlobalSection
EndGlobal
